
Microsoft Visual Studio Solution File, Format Version 12.00
# Visual Studio 15
VisualStudioVersion = 15.0.27130.2026
MinimumVisualStudioVersion = 10.0.40219.1
Project("{FAE04EC0-301F-11D3-BF4B-00C04F79EFBC}") = "Architecture.Android", "Architecture\Architecture.Android\Architecture.Android.csproj", "{3D43D38D-18B5-469B-A56C-E52D364F1AB4}"
EndProject
Project("{FAE04EC0-301F-11D3-BF4B-00C04F79EFBC}") = "Architecture.iOS", "Architecture\Architecture.iOS\Architecture.iOS.csproj", "{7148FC19-86A7-41E8-8046-505DDC15F9CE}"
EndProject
Project("{9A19103F-16F7-4668-BE54-9A1E7A4F7556}") = "Architecture", "Architecture\Architecture\Architecture.csproj", "{FCDE9B5F-C155-4563-AD8C-979362062377}"
EndProject
Project("{9A19103F-16F7-4668-BE54-9A1E7A4F7556}") = "Architecture.Core", "Architecture\Architecture.Core\Architecture.Core.csproj", "{50669BF2-56FA-42FC-A1EB-F6C31C8E04FF}"
EndProject
Global
	GlobalSection(SolutionConfigurationPlatforms) = preSolution
		Ad-Hoc|Any CPU = Ad-Hoc|Any CPU
		Ad-Hoc|ARM = Ad-Hoc|ARM
		Ad-Hoc|iPhone = Ad-Hoc|iPhone
		Ad-Hoc|iPhoneSimulator = Ad-Hoc|iPhoneSimulator
		Ad-Hoc|x64 = Ad-Hoc|x64
		Ad-Hoc|x86 = Ad-Hoc|x86
		AppStore|Any CPU = AppStore|Any CPU
		AppStore|ARM = AppStore|ARM
		AppStore|iPhone = AppStore|iPhone
		AppStore|iPhoneSimulator = AppStore|iPhoneSimulator
		AppStore|x64 = AppStore|x64
		AppStore|x86 = AppStore|x86
		Debug|Any CPU = Debug|Any CPU
		Debug|ARM = Debug|ARM
		Debug|iPhone = Debug|iPhone
		Debug|iPhoneSimulator = Debug|iPhoneSimulator
		Debug|x64 = Debug|x64
		Debug|x86 = Debug|x86
		Release|Any CPU = Release|Any CPU
		Release|ARM = Release|ARM
		Release|iPhone = Release|iPhone
		Release|iPhoneSimulator = Release|iPhoneSimulator
		Release|x64 = Release|x64
		Release|x86 = Release|x86
	EndGlobalSection
	GlobalSection(ProjectConfigurationPlatforms) = postSolution
		{3D43D38D-18B5-469B-A56C-E52D364F1AB4}.Ad-Hoc|Any CPU.ActiveCfg = Release|Any CPU
		{3D43D38D-18B5-469B-A56C-E52D364F1AB4}.Ad-Hoc|Any CPU.Build.0 = Release|Any CPU
		{3D43D38D-18B5-469B-A56C-E52D364F1AB4}.Ad-Hoc|Any CPU.Deploy.0 = Release|Any CPU
		{3D43D38D-18B5-469B-A56C-E52D364F1AB4}.Ad-Hoc|ARM.ActiveCfg = Release|Any CPU
		{3D43D38D-18B5-469B-A56C-E52D364F1AB4}.Ad-Hoc|ARM.Build.0 = Release|Any CPU
		{3D43D38D-18B5-469B-A56C-E52D364F1AB4}.Ad-Hoc|ARM.Deploy.0 = Release|Any CPU
		{3D43D38D-18B5-469B-A56C-E52D364F1AB4}.Ad-Hoc|iPhone.ActiveCfg = Release|Any CPU
		{3D43D38D-18B5-469B-A56C-E52D364F1AB4}.Ad-Hoc|iPhone.Build.0 = Release|Any CPU
		{3D43D38D-18B5-469B-A56C-E52D364F1AB4}.Ad-Hoc|iPhone.Deploy.0 = Release|Any CPU
		{3D43D38D-18B5-469B-A56C-E52D364F1AB4}.Ad-Hoc|iPhoneSimulator.ActiveCfg = Release|Any CPU
		{3D43D38D-18B5-469B-A56C-E52D364F1AB4}.Ad-Hoc|iPhoneSimulator.Build.0 = Release|Any CPU
		{3D43D38D-18B5-469B-A56C-E52D364F1AB4}.Ad-Hoc|iPhoneSimulator.Deploy.0 = Release|Any CPU
		{3D43D38D-18B5-469B-A56C-E52D364F1AB4}.Ad-Hoc|x64.ActiveCfg = Release|Any CPU
		{3D43D38D-18B5-469B-A56C-E52D364F1AB4}.Ad-Hoc|x64.Build.0 = Release|Any CPU
		{3D43D38D-18B5-469B-A56C-E52D364F1AB4}.Ad-Hoc|x64.Deploy.0 = Release|Any CPU
		{3D43D38D-18B5-469B-A56C-E52D364F1AB4}.Ad-Hoc|x86.ActiveCfg = Release|Any CPU
		{3D43D38D-18B5-469B-A56C-E52D364F1AB4}.Ad-Hoc|x86.Build.0 = Release|Any CPU
		{3D43D38D-18B5-469B-A56C-E52D364F1AB4}.Ad-Hoc|x86.Deploy.0 = Release|Any CPU
		{3D43D38D-18B5-469B-A56C-E52D364F1AB4}.AppStore|Any CPU.ActiveCfg = Release|Any CPU
		{3D43D38D-18B5-469B-A56C-E52D364F1AB4}.AppStore|Any CPU.Build.0 = Release|Any CPU
		{3D43D38D-18B5-469B-A56C-E52D364F1AB4}.AppStore|Any CPU.Deploy.0 = Release|Any CPU
		{3D43D38D-18B5-469B-A56C-E52D364F1AB4}.AppStore|ARM.ActiveCfg = Release|Any CPU
		{3D43D38D-18B5-469B-A56C-E52D364F1AB4}.AppStore|ARM.Build.0 = Release|Any CPU
		{3D43D38D-18B5-469B-A56C-E52D364F1AB4}.AppStore|ARM.Deploy.0 = Release|Any CPU
		{3D43D38D-18B5-469B-A56C-E52D364F1AB4}.AppStore|iPhone.ActiveCfg = Release|Any CPU
		{3D43D38D-18B5-469B-A56C-E52D364F1AB4}.AppStore|iPhone.Build.0 = Release|Any CPU
		{3D43D38D-18B5-469B-A56C-E52D364F1AB4}.AppStore|iPhone.Deploy.0 = Release|Any CPU
		{3D43D38D-18B5-469B-A56C-E52D364F1AB4}.AppStore|iPhoneSimulator.ActiveCfg = Release|Any CPU
		{3D43D38D-18B5-469B-A56C-E52D364F1AB4}.AppStore|iPhoneSimulator.Build.0 = Release|Any CPU
		{3D43D38D-18B5-469B-A56C-E52D364F1AB4}.AppStore|iPhoneSimulator.Deploy.0 = Release|Any CPU
		{3D43D38D-18B5-469B-A56C-E52D364F1AB4}.AppStore|x64.ActiveCfg = Release|Any CPU
		{3D43D38D-18B5-469B-A56C-E52D364F1AB4}.AppStore|x64.Build.0 = Release|Any CPU
		{3D43D38D-18B5-469B-A56C-E52D364F1AB4}.AppStore|x64.Deploy.0 = Release|Any CPU
		{3D43D38D-18B5-469B-A56C-E52D364F1AB4}.AppStore|x86.ActiveCfg = Release|Any CPU
		{3D43D38D-18B5-469B-A56C-E52D364F1AB4}.AppStore|x86.Build.0 = Release|Any CPU
		{3D43D38D-18B5-469B-A56C-E52D364F1AB4}.AppStore|x86.Deploy.0 = Release|Any CPU
		{3D43D38D-18B5-469B-A56C-E52D364F1AB4}.Debug|Any CPU.ActiveCfg = Debug|Any CPU
		{3D43D38D-18B5-469B-A56C-E52D364F1AB4}.Debug|Any CPU.Build.0 = Debug|Any CPU
		{3D43D38D-18B5-469B-A56C-E52D364F1AB4}.Debug|Any CPU.Deploy.0 = Debug|Any CPU
		{3D43D38D-18B5-469B-A56C-E52D364F1AB4}.Debug|ARM.ActiveCfg = Debug|Any CPU
		{3D43D38D-18B5-469B-A56C-E52D364F1AB4}.Debug|ARM.Build.0 = Debug|Any CPU
		{3D43D38D-18B5-469B-A56C-E52D364F1AB4}.Debug|ARM.Deploy.0 = Debug|Any CPU
		{3D43D38D-18B5-469B-A56C-E52D364F1AB4}.Debug|iPhone.ActiveCfg = Debug|Any CPU
		{3D43D38D-18B5-469B-A56C-E52D364F1AB4}.Debug|iPhone.Build.0 = Debug|Any CPU
		{3D43D38D-18B5-469B-A56C-E52D364F1AB4}.Debug|iPhone.Deploy.0 = Debug|Any CPU
		{3D43D38D-18B5-469B-A56C-E52D364F1AB4}.Debug|iPhoneSimulator.ActiveCfg = Debug|Any CPU
		{3D43D38D-18B5-469B-A56C-E52D364F1AB4}.Debug|iPhoneSimulator.Build.0 = Debug|Any CPU
		{3D43D38D-18B5-469B-A56C-E52D364F1AB4}.Debug|iPhoneSimulator.Deploy.0 = Debug|Any CPU
		{3D43D38D-18B5-469B-A56C-E52D364F1AB4}.Debug|x64.ActiveCfg = Debug|Any CPU
		{3D43D38D-18B5-469B-A56C-E52D364F1AB4}.Debug|x64.Build.0 = Debug|Any CPU
		{3D43D38D-18B5-469B-A56C-E52D364F1AB4}.Debug|x64.Deploy.0 = Debug|Any CPU
		{3D43D38D-18B5-469B-A56C-E52D364F1AB4}.Debug|x86.ActiveCfg = Debug|Any CPU
		{3D43D38D-18B5-469B-A56C-E52D364F1AB4}.Release|Any CPU.ActiveCfg = Release|Any CPU
		{3D43D38D-18B5-469B-A56C-E52D364F1AB4}.Release|Any CPU.Build.0 = Release|Any CPU
		{3D43D38D-18B5-469B-A56C-E52D364F1AB4}.Release|Any CPU.Deploy.0 = Release|Any CPU
		{3D43D38D-18B5-469B-A56C-E52D364F1AB4}.Release|ARM.ActiveCfg = Release|Any CPU
		{3D43D38D-18B5-469B-A56C-E52D364F1AB4}.Release|ARM.Build.0 = Release|Any CPU
		{3D43D38D-18B5-469B-A56C-E52D364F1AB4}.Release|ARM.Deploy.0 = Release|Any CPU
		{3D43D38D-18B5-469B-A56C-E52D364F1AB4}.Release|iPhone.ActiveCfg = Release|Any CPU
		{3D43D38D-18B5-469B-A56C-E52D364F1AB4}.Release|iPhone.Build.0 = Release|Any CPU
		{3D43D38D-18B5-469B-A56C-E52D364F1AB4}.Release|iPhone.Deploy.0 = Release|Any CPU
		{3D43D38D-18B5-469B-A56C-E52D364F1AB4}.Release|iPhoneSimulator.ActiveCfg = Release|Any CPU
		{3D43D38D-18B5-469B-A56C-E52D364F1AB4}.Release|iPhoneSimulator.Build.0 = Release|Any CPU
		{3D43D38D-18B5-469B-A56C-E52D364F1AB4}.Release|iPhoneSimulator.Deploy.0 = Release|Any CPU
		{3D43D38D-18B5-469B-A56C-E52D364F1AB4}.Release|x64.ActiveCfg = Release|Any CPU
		{3D43D38D-18B5-469B-A56C-E52D364F1AB4}.Release|x64.Build.0 = Release|Any CPU
		{3D43D38D-18B5-469B-A56C-E52D364F1AB4}.Release|x64.Deploy.0 = Release|Any CPU
		{3D43D38D-18B5-469B-A56C-E52D364F1AB4}.Release|x86.ActiveCfg = Release|Any CPU
		{3D43D38D-18B5-469B-A56C-E52D364F1AB4}.Release|x86.Build.0 = Release|Any CPU
		{3D43D38D-18B5-469B-A56C-E52D364F1AB4}.Release|x86.Deploy.0 = Release|Any CPU
		{7148FC19-86A7-41E8-8046-505DDC15F9CE}.Ad-Hoc|Any CPU.ActiveCfg = Ad-Hoc|iPhone
		{7148FC19-86A7-41E8-8046-505DDC15F9CE}.Ad-Hoc|ARM.ActiveCfg = Ad-Hoc|iPhone
		{7148FC19-86A7-41E8-8046-505DDC15F9CE}.Ad-Hoc|iPhone.ActiveCfg = Ad-Hoc|iPhone
		{7148FC19-86A7-41E8-8046-505DDC15F9CE}.Ad-Hoc|iPhone.Build.0 = Ad-Hoc|iPhone
		{7148FC19-86A7-41E8-8046-505DDC15F9CE}.Ad-Hoc|iPhoneSimulator.ActiveCfg = Ad-Hoc|iPhoneSimulator
		{7148FC19-86A7-41E8-8046-505DDC15F9CE}.Ad-Hoc|iPhoneSimulator.Build.0 = Ad-Hoc|iPhoneSimulator
		{7148FC19-86A7-41E8-8046-505DDC15F9CE}.Ad-Hoc|x64.ActiveCfg = Ad-Hoc|iPhone
		{7148FC19-86A7-41E8-8046-505DDC15F9CE}.Ad-Hoc|x86.ActiveCfg = Ad-Hoc|iPhone
		{7148FC19-86A7-41E8-8046-505DDC15F9CE}.AppStore|Any CPU.ActiveCfg = AppStore|iPhone
		{7148FC19-86A7-41E8-8046-505DDC15F9CE}.AppStore|ARM.ActiveCfg = AppStore|iPhone
		{7148FC19-86A7-41E8-8046-505DDC15F9CE}.AppStore|iPhone.ActiveCfg = AppStore|iPhone
		{7148FC19-86A7-41E8-8046-505DDC15F9CE}.AppStore|iPhone.Build.0 = AppStore|iPhone
		{7148FC19-86A7-41E8-8046-505DDC15F9CE}.AppStore|iPhoneSimulator.ActiveCfg = AppStore|iPhoneSimulator
		{7148FC19-86A7-41E8-8046-505DDC15F9CE}.AppStore|iPhoneSimulator.Build.0 = AppStore|iPhoneSimulator
		{7148FC19-86A7-41E8-8046-505DDC15F9CE}.AppStore|x64.ActiveCfg = AppStore|iPhone
		{7148FC19-86A7-41E8-8046-505DDC15F9CE}.AppStore|x86.ActiveCfg = AppStore|iPhone
		{7148FC19-86A7-41E8-8046-505DDC15F9CE}.Debug|Any CPU.ActiveCfg = Debug|iPhone
		{7148FC19-86A7-41E8-8046-505DDC15F9CE}.Debug|ARM.ActiveCfg = Debug|iPhone
		{7148FC19-86A7-41E8-8046-505DDC15F9CE}.Debug|iPhone.ActiveCfg = Debug|iPhone
		{7148FC19-86A7-41E8-8046-505DDC15F9CE}.Debug|iPhone.Build.0 = Debug|iPhone
		{7148FC19-86A7-41E8-8046-505DDC15F9CE}.Debug|iPhoneSimulator.ActiveCfg = Debug|iPhoneSimulator
		{7148FC19-86A7-41E8-8046-505DDC15F9CE}.Debug|iPhoneSimulator.Build.0 = Debug|iPhoneSimulator
		{7148FC19-86A7-41E8-8046-505DDC15F9CE}.Debug|x64.ActiveCfg = Debug|iPhone
		{7148FC19-86A7-41E8-8046-505DDC15F9CE}.Debug|x86.ActiveCfg = Debug|iPhone
		{7148FC19-86A7-41E8-8046-505DDC15F9CE}.Release|Any CPU.ActiveCfg = Release|iPhone
		{7148FC19-86A7-41E8-8046-505DDC15F9CE}.Release|ARM.ActiveCfg = Release|iPhone
		{7148FC19-86A7-41E8-8046-505DDC15F9CE}.Release|iPhone.ActiveCfg = Release|iPhone
		{7148FC19-86A7-41E8-8046-505DDC15F9CE}.Release|iPhone.Build.0 = Release|iPhone
		{7148FC19-86A7-41E8-8046-505DDC15F9CE}.Release|iPhoneSimulator.ActiveCfg = Release|iPhoneSimulator
		{7148FC19-86A7-41E8-8046-505DDC15F9CE}.Release|iPhoneSimulator.Build.0 = Release|iPhoneSimulator
		{7148FC19-86A7-41E8-8046-505DDC15F9CE}.Release|x64.ActiveCfg = Release|iPhone
		{7148FC19-86A7-41E8-8046-505DDC15F9CE}.Release|x86.ActiveCfg = Release|iPhone
		{FCDE9B5F-C155-4563-AD8C-979362062377}.Ad-Hoc|Any CPU.ActiveCfg = Debug|Any CPU
		{FCDE9B5F-C155-4563-AD8C-979362062377}.Ad-Hoc|Any CPU.Build.0 = Debug|Any CPU
		{FCDE9B5F-C155-4563-AD8C-979362062377}.Ad-Hoc|ARM.ActiveCfg = Debug|Any CPU
		{FCDE9B5F-C155-4563-AD8C-979362062377}.Ad-Hoc|ARM.Build.0 = Debug|Any CPU
		{FCDE9B5F-C155-4563-AD8C-979362062377}.Ad-Hoc|iPhone.ActiveCfg = Debug|Any CPU
		{FCDE9B5F-C155-4563-AD8C-979362062377}.Ad-Hoc|iPhone.Build.0 = Debug|Any CPU
		{FCDE9B5F-C155-4563-AD8C-979362062377}.Ad-Hoc|iPhoneSimulator.ActiveCfg = Debug|Any CPU
		{FCDE9B5F-C155-4563-AD8C-979362062377}.Ad-Hoc|iPhoneSimulator.Build.0 = Debug|Any CPU
		{FCDE9B5F-C155-4563-AD8C-979362062377}.Ad-Hoc|x64.ActiveCfg = Debug|Any CPU
		{FCDE9B5F-C155-4563-AD8C-979362062377}.Ad-Hoc|x64.Build.0 = Debug|Any CPU
		{FCDE9B5F-C155-4563-AD8C-979362062377}.Ad-Hoc|x86.ActiveCfg = Debug|Any CPU
		{FCDE9B5F-C155-4563-AD8C-979362062377}.Ad-Hoc|x86.Build.0 = Debug|Any CPU
		{FCDE9B5F-C155-4563-AD8C-979362062377}.AppStore|Any CPU.ActiveCfg = Debug|Any CPU
		{FCDE9B5F-C155-4563-AD8C-979362062377}.AppStore|Any CPU.Build.0 = Debug|Any CPU
		{FCDE9B5F-C155-4563-AD8C-979362062377}.AppStore|ARM.ActiveCfg = Debug|Any CPU
		{FCDE9B5F-C155-4563-AD8C-979362062377}.AppStore|ARM.Build.0 = Debug|Any CPU
		{FCDE9B5F-C155-4563-AD8C-979362062377}.AppStore|iPhone.ActiveCfg = Debug|Any CPU
		{FCDE9B5F-C155-4563-AD8C-979362062377}.AppStore|iPhone.Build.0 = Debug|Any CPU
		{FCDE9B5F-C155-4563-AD8C-979362062377}.AppStore|iPhoneSimulator.ActiveCfg = Debug|Any CPU
		{FCDE9B5F-C155-4563-AD8C-979362062377}.AppStore|iPhoneSimulator.Build.0 = Debug|Any CPU
		{FCDE9B5F-C155-4563-AD8C-979362062377}.AppStore|x64.ActiveCfg = Debug|Any CPU
		{FCDE9B5F-C155-4563-AD8C-979362062377}.AppStore|x64.Build.0 = Debug|Any CPU
		{FCDE9B5F-C155-4563-AD8C-979362062377}.AppStore|x86.ActiveCfg = Debug|Any CPU
		{FCDE9B5F-C155-4563-AD8C-979362062377}.AppStore|x86.Build.0 = Debug|Any CPU
		{FCDE9B5F-C155-4563-AD8C-979362062377}.Debug|Any CPU.ActiveCfg = Debug|Any CPU
		{FCDE9B5F-C155-4563-AD8C-979362062377}.Debug|Any CPU.Build.0 = Debug|Any CPU
		{FCDE9B5F-C155-4563-AD8C-979362062377}.Debug|ARM.ActiveCfg = Debug|Any CPU
		{FCDE9B5F-C155-4563-AD8C-979362062377}.Debug|ARM.Build.0 = Debug|Any CPU
		{FCDE9B5F-C155-4563-AD8C-979362062377}.Debug|iPhone.ActiveCfg = Debug|Any CPU
		{FCDE9B5F-C155-4563-AD8C-979362062377}.Debug|iPhone.Build.0 = Debug|Any CPU
		{FCDE9B5F-C155-4563-AD8C-979362062377}.Debug|iPhoneSimulator.ActiveCfg = Debug|Any CPU
		{FCDE9B5F-C155-4563-AD8C-979362062377}.Debug|iPhoneSimulator.Build.0 = Debug|Any CPU
		{FCDE9B5F-C155-4563-AD8C-979362062377}.Debug|x64.ActiveCfg = Debug|Any CPU
		{FCDE9B5F-C155-4563-AD8C-979362062377}.Debug|x64.Build.0 = Debug|Any CPU
		{FCDE9B5F-C155-4563-AD8C-979362062377}.Debug|x86.ActiveCfg = Debug|Any CPU
		{FCDE9B5F-C155-4563-AD8C-979362062377}.Release|Any CPU.ActiveCfg = Release|Any CPU
		{FCDE9B5F-C155-4563-AD8C-979362062377}.Release|Any CPU.Build.0 = Release|Any CPU
		{FCDE9B5F-C155-4563-AD8C-979362062377}.Release|ARM.ActiveCfg = Release|Any CPU
		{FCDE9B5F-C155-4563-AD8C-979362062377}.Release|ARM.Build.0 = Release|Any CPU
		{FCDE9B5F-C155-4563-AD8C-979362062377}.Release|iPhone.ActiveCfg = Release|Any CPU
		{FCDE9B5F-C155-4563-AD8C-979362062377}.Release|iPhone.Build.0 = Release|Any CPU
		{FCDE9B5F-C155-4563-AD8C-979362062377}.Release|iPhoneSimulator.ActiveCfg = Release|Any CPU
		{FCDE9B5F-C155-4563-AD8C-979362062377}.Release|iPhoneSimulator.Build.0 = Release|Any CPU
		{FCDE9B5F-C155-4563-AD8C-979362062377}.Release|x64.ActiveCfg = Release|Any CPU
		{FCDE9B5F-C155-4563-AD8C-979362062377}.Release|x64.Build.0 = Release|Any CPU
		{FCDE9B5F-C155-4563-AD8C-979362062377}.Release|x86.ActiveCfg = Release|Any CPU
		{FCDE9B5F-C155-4563-AD8C-979362062377}.Release|x86.Build.0 = Release|Any CPU
		{50669BF2-56FA-42FC-A1EB-F6C31C8E04FF}.Ad-Hoc|Any CPU.ActiveCfg = Debug|Any CPU
		{50669BF2-56FA-42FC-A1EB-F6C31C8E04FF}.Ad-Hoc|Any CPU.Build.0 = Debug|Any CPU
		{50669BF2-56FA-42FC-A1EB-F6C31C8E04FF}.Ad-Hoc|ARM.ActiveCfg = Debug|Any CPU
		{50669BF2-56FA-42FC-A1EB-F6C31C8E04FF}.Ad-Hoc|ARM.Build.0 = Debug|Any CPU
		{50669BF2-56FA-42FC-A1EB-F6C31C8E04FF}.Ad-Hoc|iPhone.ActiveCfg = Debug|Any CPU
		{50669BF2-56FA-42FC-A1EB-F6C31C8E04FF}.Ad-Hoc|iPhone.Build.0 = Debug|Any CPU
		{50669BF2-56FA-42FC-A1EB-F6C31C8E04FF}.Ad-Hoc|iPhoneSimulator.ActiveCfg = Debug|Any CPU
		{50669BF2-56FA-42FC-A1EB-F6C31C8E04FF}.Ad-Hoc|iPhoneSimulator.Build.0 = Debug|Any CPU
		{50669BF2-56FA-42FC-A1EB-F6C31C8E04FF}.Ad-Hoc|x64.ActiveCfg = Debug|Any CPU
		{50669BF2-56FA-42FC-A1EB-F6C31C8E04FF}.Ad-Hoc|x64.Build.0 = Debug|Any CPU
		{50669BF2-56FA-42FC-A1EB-F6C31C8E04FF}.Ad-Hoc|x86.ActiveCfg = Debug|Any CPU
		{50669BF2-56FA-42FC-A1EB-F6C31C8E04FF}.Ad-Hoc|x86.Build.0 = Debug|Any CPU
		{50669BF2-56FA-42FC-A1EB-F6C31C8E04FF}.AppStore|Any CPU.ActiveCfg = Debug|Any CPU
		{50669BF2-56FA-42FC-A1EB-F6C31C8E04FF}.AppStore|Any CPU.Build.0 = Debug|Any CPU
		{50669BF2-56FA-42FC-A1EB-F6C31C8E04FF}.AppStore|ARM.ActiveCfg = Debug|Any CPU
		{50669BF2-56FA-42FC-A1EB-F6C31C8E04FF}.AppStore|ARM.Build.0 = Debug|Any CPU
		{50669BF2-56FA-42FC-A1EB-F6C31C8E04FF}.AppStore|iPhone.ActiveCfg = Debug|Any CPU
		{50669BF2-56FA-42FC-A1EB-F6C31C8E04FF}.AppStore|iPhone.Build.0 = Debug|Any CPU
		{50669BF2-56FA-42FC-A1EB-F6C31C8E04FF}.AppStore|iPhoneSimulator.ActiveCfg = Debug|Any CPU
		{50669BF2-56FA-42FC-A1EB-F6C31C8E04FF}.AppStore|iPhoneSimulator.Build.0 = Debug|Any CPU
		{50669BF2-56FA-42FC-A1EB-F6C31C8E04FF}.AppStore|x64.ActiveCfg = Debug|Any CPU
		{50669BF2-56FA-42FC-A1EB-F6C31C8E04FF}.AppStore|x64.Build.0 = Debug|Any CPU
		{50669BF2-56FA-42FC-A1EB-F6C31C8E04FF}.AppStore|x86.ActiveCfg = Debug|Any CPU
		{50669BF2-56FA-42FC-A1EB-F6C31C8E04FF}.AppStore|x86.Build.0 = Debug|Any CPU
		{50669BF2-56FA-42FC-A1EB-F6C31C8E04FF}.Debug|Any CPU.ActiveCfg = Debug|Any CPU
		{50669BF2-56FA-42FC-A1EB-F6C31C8E04FF}.Debug|Any CPU.Build.0 = Debug|Any CPU
		{50669BF2-56FA-42FC-A1EB-F6C31C8E04FF}.Debug|ARM.ActiveCfg = Debug|Any CPU
		{50669BF2-56FA-42FC-A1EB-F6C31C8E04FF}.Debug|ARM.Build.0 = Debug|Any CPU
		{50669BF2-56FA-42FC-A1EB-F6C31C8E04FF}.Debug|iPhone.ActiveCfg = Debug|Any CPU
		{50669BF2-56FA-42FC-A1EB-F6C31C8E04FF}.Debug|iPhone.Build.0 = Debug|Any CPU
		{50669BF2-56FA-42FC-A1EB-F6C31C8E04FF}.Debug|iPhoneSimulator.ActiveCfg = Debug|Any CPU
		{50669BF2-56FA-42FC-A1EB-F6C31C8E04FF}.Debug|iPhoneSimulator.Build.0 = Debug|Any CPU
		{50669BF2-56FA-42FC-A1EB-F6C31C8E04FF}.Debug|x64.ActiveCfg = Debug|Any CPU
		{50669BF2-56FA-42FC-A1EB-F6C31C8E04FF}.Debug|x64.Build.0 = Debug|Any CPU
		{50669BF2-56FA-42FC-A1EB-F6C31C8E04FF}.Debug|x86.ActiveCfg = Debug|Any CPU
		{50669BF2-56FA-42FC-A1EB-F6C31C8E04FF}.Debug|x86.Build.0 = Debug|Any CPU
		{50669BF2-56FA-42FC-A1EB-F6C31C8E04FF}.Release|Any CPU.ActiveCfg = Release|Any CPU
		{50669BF2-56FA-42FC-A1EB-F6C31C8E04FF}.Release|Any CPU.Build.0 = Release|Any CPU
		{50669BF2-56FA-42FC-A1EB-F6C31C8E04FF}.Release|ARM.ActiveCfg = Release|Any CPU
		{50669BF2-56FA-42FC-A1EB-F6C31C8E04FF}.Release|ARM.Build.0 = Release|Any CPU
		{50669BF2-56FA-42FC-A1EB-F6C31C8E04FF}.Release|iPhone.ActiveCfg = Release|Any CPU
		{50669BF2-56FA-42FC-A1EB-F6C31C8E04FF}.Release|iPhone.Build.0 = Release|Any CPU
		{50669BF2-56FA-42FC-A1EB-F6C31C8E04FF}.Release|iPhoneSimulator.ActiveCfg = Release|Any CPU
		{50669BF2-56FA-42FC-A1EB-F6C31C8E04FF}.Release|iPhoneSimulator.Build.0 = Release|Any CPU
		{50669BF2-56FA-42FC-A1EB-F6C31C8E04FF}.Release|x64.ActiveCfg = Release|Any CPU
		{50669BF2-56FA-42FC-A1EB-F6C31C8E04FF}.Release|x64.Build.0 = Release|Any CPU
		{50669BF2-56FA-42FC-A1EB-F6C31C8E04FF}.Release|x86.ActiveCfg = Release|Any CPU
		{50669BF2-56FA-42FC-A1EB-F6C31C8E04FF}.Release|x86.Build.0 = Release|Any CPU
	EndGlobalSection
	GlobalSection(SolutionProperties) = preSolution
		HideSolutionNode = FALSE
	EndGlobalSection
	GlobalSection(ExtensibilityGlobals) = postSolution
		SolutionGuid = {C452A539-0560-41DE-8756-ACDC3B4A7899}
	EndGlobalSection
EndGlobal
